version = 1
requires-python = ">=3.11"

[[package]]
name = "debugpy"
version = "1.8.19"
source = { registry = "https://pypi.org/simple" }
sdist = { url = "https://files.pythonhosted.org/packages/73/75/9e12d4d42349b817cd545b89247696c67917aab907012ae5b64bbfea3199/debugpy-1.8.19.tar.gz", hash = "sha256:eea7e5987445ab0b5ed258093722d5ecb8bb72217c5c9b1e21f64efe23ddebdb", size = 1644590 }
wheels = [
    { url = "https://files.pythonhosted.org/packages/80/e2/48531a609b5a2aa94c6b6853afdfec8da05630ab9aaa96f1349e772119e9/debugpy-1.8.19-cp311-cp311-macosx_15_0_universal2.whl", hash = "sha256:c5dcfa21de1f735a4f7ced4556339a109aa0f618d366ede9da0a3600f2516d8b", size = 2207620 },
    { url = "https://files.pythonhosted.org/packages/1b/d4/97775c01d56071969f57d93928899e5616a4cfbbf4c8cc75390d3a51c4a4/debugpy-1.8.19-cp311-cp311-manylinux_2_34_x86_64.whl", hash = "sha256:806d6800246244004625d5222d7765874ab2d22f3ba5f615416cf1342d61c488", size = 3170796 },
    { url = "https://files.pythonhosted.org/packages/8d/7e/8c7681bdb05be9ec972bbb1245eb7c4c7b0679bb6a9e6408d808bc876d3d/debugpy-1.8.19-cp311-cp311-win32.whl", hash = "sha256:783a519e6dfb1f3cd773a9bda592f4887a65040cb0c7bd38dde410f4e53c40d4", size = 5164287 },
    { url = "https://files.pythonhosted.org/packages/f2/a8/aaac7ff12ddf5d68a39e13a423a8490426f5f661384f5ad8d9062761bd8e/debugpy-1.8.19-cp311-cp311-win_amd64.whl", hash = "sha256:14035cbdbb1fe4b642babcdcb5935c2da3b1067ac211c5c5a8fdc0bb31adbcaa", size = 5188269 },
    { url = "https://files.pythonhosted.org/packages/4a/15/d762e5263d9e25b763b78be72dc084c7a32113a0bac119e2f7acae7700ed/debugpy-1.8.19-cp312-cp312-macosx_15_0_universal2.whl", hash = "sha256:bccb1540a49cde77edc7ce7d9d075c1dbeb2414751bc0048c7a11e1b597a4c2e", size = 2549995 },
    { url = "https://files.pythonhosted.org/packages/a7/88/f7d25c68b18873b7c53d7c156ca7a7ffd8e77073aa0eac170a9b679cf786/debugpy-1.8.19-cp312-cp312-manylinux_2_34_x86_64.whl", hash = "sha256:e9c68d9a382ec754dc05ed1d1b4ed5bd824b9f7c1a8cd1083adb84b3c93501de", size = 4309891 },
    { url = "https://files.pythonhosted.org/packages/c5/4f/a65e973aba3865794da65f71971dca01ae66666132c7b2647182d5be0c5f/debugpy-1.8.19-cp312-cp312-win32.whl", hash = "sha256:6599cab8a783d1496ae9984c52cb13b7c4a3bd06a8e6c33446832a5d97ce0bee", size = 5286355 },
    { url = "https://files.pythonhosted.org/packages/d8/3a/d3d8b48fec96e3d824e404bf428276fb8419dfa766f78f10b08da1cb2986/debugpy-1.8.19-cp312-cp312-win_amd64.whl", hash = "sha256:66e3d2fd8f2035a8f111eb127fa508469dfa40928a89b460b41fd988684dc83d", size = 5328239 },
    { url = "https://files.pythonhosted.org/packages/71/3d/388035a31a59c26f1ecc8d86af607d0c42e20ef80074147cd07b180c4349/debugpy-1.8.19-cp313-cp313-macosx_15_0_universal2.whl", hash = "sha256:91e35db2672a0abaf325f4868fcac9c1674a0d9ad9bb8a8c849c03a5ebba3e6d", size = 2538859 },
    { url = "https://files.pythonhosted.org/packages/4a/19/c93a0772d0962294f083dbdb113af1a7427bb632d36e5314297068f55db7/debugpy-1.8.19-cp313-cp313-manylinux_2_34_x86_64.whl", hash = "sha256:85016a73ab84dea1c1f1dcd88ec692993bcbe4532d1b49ecb5f3c688ae50c606", size = 4292575 },
    { url = "https://files.pythonhosted.org/packages/5c/56/09e48ab796b0a77e3d7dc250f95251832b8bf6838c9632f6100c98bdf426/debugpy-1.8.19-cp313-cp313-win32.whl", hash = "sha256:b605f17e89ba0ecee994391194285fada89cee111cfcd29d6f2ee11cbdc40976", size = 5286209 },
    { url = "https://files.pythonhosted.org/packages/fb/4e/931480b9552c7d0feebe40c73725dd7703dcc578ba9efc14fe0e6d31cfd1/debugpy-1.8.19-cp313-cp313-win_amd64.whl", hash = "sha256:c30639998a9f9cd9699b4b621942c0179a6527f083c72351f95c6ab1728d5b73", size = 5328206 },
    { url = "https://files.pythonhosted.org/packages/f6/b9/cbec520c3a00508327476c7fce26fbafef98f412707e511eb9d19a2ef467/debugpy-1.8.19-cp314-cp314-macosx_15_0_universal2.whl", hash = "sha256:1e8c4d1bd230067bf1bbcdbd6032e5a57068638eb28b9153d008ecde288152af", size = 2537372 },
    { url = "https://files.pythonhosted.org/packages/88/5e/cf4e4dc712a141e10d58405c58c8268554aec3c35c09cdcda7535ff13f76/debugpy-1.8.19-cp314-cp314-manylinux_2_34_x86_64.whl", hash = "sha256:d40c016c1f538dbf1762936e3aeb43a89b965069d9f60f9e39d35d9d25e6b809", size = 4268729 },
    { url = "https://files.pythonhosted.org/packages/82/a3/c91a087ab21f1047db328c1d3eb5d1ff0e52de9e74f9f6f6fa14cdd93d58/debugpy-1.8.19-cp314-cp314-win32.whl", hash = "sha256:0601708223fe1cd0e27c6cce67a899d92c7d68e73690211e6788a4b0e1903f5b", size = 5286388 },
    { url = "https://files.pythonhosted.org/packages/17/b8/bfdc30b6e94f1eff09f2dc9cc1f9cd1c6cde3d996bcbd36ce2d9a4956e99/debugpy-1.8.19-cp314-cp314-win_amd64.whl", hash = "sha256:8e19a725f5d486f20e53a1dde2ab8bb2c9607c40c00a42ab646def962b41125f", size = 5327741 },
    { url = "https://files.pythonhosted.org/packages/25/3e/e27078370414ef35fafad2c06d182110073daaeb5d3bf734b0b1eeefe452/debugpy-1.8.19-py2.py3-none-any.whl", hash = "sha256:360ffd231a780abbc414ba0f005dad409e71c78637efe8f2bd75837132a41d38", size = 5292321 },
]

[[package]]
name = "maya-stubs"
version = "0.4.2"
source = { registry = "https://pypi.org/simple" }
sdist = { url = "https://files.pythonhosted.org/packages/83/ac/cb12a396f8dad98fa15dae801899e8d1ff39debdaa66fe81cd8d93e4d666/maya_stubs-0.4.2.tar.gz", hash = "sha256:86eb6901b4e341895c572a94c055d0248903720a42c22a9a507bdcfda52e9da0", size = 313929 }
wheels = [
    { url = "https://files.pythonhosted.org/packages/fd/39/df15b423c029fe7dcdf43814f4776fb689c86e6fc48ab36af3cae63b2732/maya_stubs-0.4.2-py3-none-any.whl", hash = "sha256:2dd28457af1877293f5b7544eea5a14384ad89b5a59796847c6c68c1a44f0db9", size = 258974 },
]

[[package]]
name = "ruff"
version = "0.14.14"
source = { registry = "https://pypi.org/simple" }
sdist = { url = "https://files.pythonhosted.org/packages/2e/06/f71e3a86b2df0dfa2d2f72195941cd09b44f87711cb7fa5193732cb9a5fc/ruff-0.14.14.tar.gz", hash = "sha256:2d0f819c9a90205f3a867dbbd0be083bee9912e170fd7d9704cc8ae45824896b", size = 4515732 }
wheels = [
    { url = "https://files.pythonhosted.org/packages/d2/89/20a12e97bc6b9f9f68343952da08a8099c57237aef953a56b82711d55edd/ruff-0.14.14-py3-none-linux_armv6l.whl", hash = "sha256:7cfe36b56e8489dee8fbc777c61959f60ec0f1f11817e8f2415f429552846aed", size = 10467650 },
    { url = "https://files.pythonhosted.org/packages/a3/b1/c5de3fd2d5a831fcae21beda5e3589c0ba67eec8202e992388e4b17a6040/ruff-0.14.14-py3-none-macosx_10_12_x86_64.whl", hash = "sha256:6006a0082336e7920b9573ef8a7f52eec837add1265cc74e04ea8a4368cd704c", size = 10883245 },
    { url = "https://files.pythonhosted.org/packages/b8/7c/3c1db59a10e7490f8f6f8559d1db8636cbb13dccebf18686f4e3c9d7c772/ruff-0.14.14-py3-none-macosx_11_0_arm64.whl", hash = "sha256:026c1d25996818f0bf498636686199d9bd0d9d6341c9c2c3b62e2a0198b758de", size = 10231273 },
    { url = "https://files.pythonhosted.org/packages/a1/6e/5e0e0d9674be0f8581d1f5e0f0a04761203affce3232c1a1189d0e3b4dad/ruff-0.14.14-py3-none-manylinux_2_17_aarch64.manylinux2014_aarch64.whl", hash = "sha256:f666445819d31210b71e0a6d1c01e24447a20b85458eea25a25fe8142210ae0e", size = 10585753 },
    { url = "https://files.pythonhosted.org/packages/23/09/754ab09f46ff1884d422dc26d59ba18b4e5d355be147721bb2518aa2a014/ruff-0.14.14-py3-none-manylinux_2_17_armv7l.manylinux2014_armv7l.whl", hash = "sha256:3c0f18b922c6d2ff9a5e6c3ee16259adc513ca775bcf82c67ebab7cbd9da5bc8", size = 10286052 },
    { url = "https://files.pythonhosted.org/packages/c8/cc/e71f88dd2a12afb5f50733851729d6b571a7c3a35bfdb16c3035132675a0/ruff-0.14.14-py3-none-manylinux_2_17_i686.manylinux2014_i686.whl", hash = "sha256:1629e67489c2dea43e8658c3dba659edbfd87361624b4040d1df04c9740ae906", size = 11043637 },
    { url = "https://files.pythonhosted.org/packages/67/b2/397245026352494497dac935d7f00f1468c03a23a0c5db6ad8fc49ca3fb2/ruff-0.14.14-py3-none-manylinux_2_17_ppc64.manylinux2014_ppc64.whl", hash = "sha256:27493a2131ea0f899057d49d303e4292b2cae2bb57253c1ed1f256fbcd1da480", size = 12194761 },
    { url = "https://files.pythonhosted.org/packages/5b/06/06ef271459f778323112c51b7587ce85230785cd64e91772034ddb88f200/ruff-0.14.14-py3-none-manylinux_2_17_ppc64le.manylinux2014_ppc64le.whl", hash = "sha256:01ff589aab3f5b539e35db38425da31a57521efd1e4ad1ae08fc34dbe30bd7df", size = 12005701 },
    { url = "https://files.pythonhosted.org/packages/41/d6/99364514541cf811ccc5ac44362f88df66373e9fec1b9d1c4cc830593fe7/ruff-0.14.14-py3-none-manylinux_2_17_s390x.manylinux2014_s390x.whl", hash = "sha256:1cc12d74eef0f29f51775f5b755913eb523546b88e2d733e1d701fe65144e89b", size = 11282455 },
    { url = "https://files.pythonhosted.org/packages/ca/71/37daa46f89475f8582b7762ecd2722492df26421714a33e72ccc9a84d7a5/ruff-0.14.14-py3-none-manylinux_2_17_x86_64.manylinux2014_x86_64.whl", hash = "sha256:bb8481604b7a9e75eff53772496201690ce2687067e038b3cc31aaf16aa0b974", size = 11215882 },
    { url = "https://files.pythonhosted.org/packages/2c/10/a31f86169ec91c0705e618443ee74ede0bdd94da0a57b28e72db68b2dbac/ruff-0.14.14-py3-none-manylinux_2_31_riscv64.whl", hash = "sha256:14649acb1cf7b5d2d283ebd2f58d56b75836ed8c6f329664fa91cdea19e76e66", size = 11180549 },
    { url = "https://files.pythonhosted.org/packages/fd/1e/c723f20536b5163adf79bdd10c5f093414293cdf567eed9bdb7b83940f3f/ruff-0.14.14-py3-none-musllinux_1_2_aarch64.whl", hash = "sha256:e8058d2145566510790eab4e2fad186002e288dec5e0d343a92fe7b0bc1b3e13", size = 10543416 },
    { url = "https://files.pythonhosted.org/packages/3e/34/8a84cea7e42c2d94ba5bde1d7a4fae164d6318f13f933d92da6d7c2041ff/ruff-0.14.14-py3-none-musllinux_1_2_armv7l.whl", hash = "sha256:e651e977a79e4c758eb807f0481d673a67ffe53cfa92209781dfa3a996cf8412", size = 10285491 },
    { url = "https://files.pythonhosted.org/packages/55/ef/b7c5ea0be82518906c978e365e56a77f8de7678c8bb6651ccfbdc178c29f/ruff-0.14.14-py3-none-musllinux_1_2_i686.whl", hash = "sha256:cc8b22da8d9d6fdd844a68ae937e2a0adf9b16514e9a97cc60355e2d4b219fc3", size = 10733525 },
    { url = "https://files.pythonhosted.org/packages/6a/5b/aaf1dfbcc53a2811f6cc0a1759de24e4b03e02ba8762daabd9b6bd8c59e3/ruff-0.14.14-py3-none-musllinux_1_2_x86_64.whl", hash = "sha256:16bc890fb4cc9781bb05beb5ab4cd51be9e7cb376bf1dd3580512b24eb3fda2b", size = 11315626 },
    { url = "https://files.pythonhosted.org/packages/2c/aa/9f89c719c467dfaf8ad799b9bae0df494513fb21d31a6059cb5870e57e74/ruff-0.14.14-py3-none-win32.whl", hash = "sha256:b530c191970b143375b6a68e6f743800b2b786bbcf03a7965b06c4bf04568167", size = 10502442 },
    { url = "https://files.pythonhosted.org/packages/87/44/90fa543014c45560cae1fffc63ea059fb3575ee6e1cb654562197e5d16fb/ruff-0.14.14-py3-none-win_amd64.whl", hash = "sha256:3dde1435e6b6fe5b66506c1dff67a421d0b7f6488d466f651c07f4cab3bf20fd", size = 11630486 },
    { url = "https://files.pythonhosted.org/packages/9e/6a/40fee331a52339926a92e17ae748827270b288a35ef4a15c9c8f2ec54715/ruff-0.14.14-py3-none-win_arm64.whl", hash = "sha256:56e6981a98b13a32236a72a8da421d7839221fa308b223b9283312312e5ac76c", size = 10920448 },
]

[[package]]
name = "y-rig"
version = "0.1.0"
source = { virtual = "." }

[package.dev-dependencies]
dev = [
    { name = "debugpy" },
    { name = "maya-stubs" },
    { name = "ruff" },
]

[package.metadata]

[package.metadata.requires-dev]
dev = [
    { name = "debugpy", specifier = ">=1.8.19" },
    { name = "maya-stubs", specifier = ">=0.4.2" },
    { name = "ruff", specifier = ">=0.14.14" },
]
